{
  "name": "ide-shepherd-hook-test",
  "version": "1.0.0",
  "lockfileVersion": 3,
  "requires": true,
  "packages": {
    "": {
      "name": "ide-shepherd-hook-test",
      "version": "1.0.0",
      "license": "ISC",
      "dependencies": {
        "wl-experimental-pkg": "^1.0.1"
      }
    },
    "node_modules/wl-experimental-pkg": {
      "version": "1.0.1",
      "resolved": "https://registry.npmjs.org/wl-experimental-pkg/-/wl-experimental-pkg-1.0.1.tgz",
      "integrity": "sha512-FmstW9eg0VYKrH4fmWBp6MgTuhRzJI+L9+72YOrMhm4rGuMAc6HxlZvxExGQtEwNsSND8N6+PYYgde0tUBIU+A==",
      "license": "ISC"
    }
  }
}
